// !$*UTF8*$!
{
	archiveVersion = 1;
	classes = {
	};
	objectVersion = 46;
	objects = {

/* Begin PBXBuildFile section */
		F91BC43515F8BEC000381DFF /* UIKit.framework in Frameworks */ = {isa = PBXBuildFile; fileRef = F91BC43415F8BEC000381DFF /* UIKit.framework */; };
		F91BC43715F8BEC000381DFF /* Foundation.framework in Frameworks */ = {isa = PBXBuildFile; fileRef = F91BC43615F8BEC000381DFF /* Foundation.framework */; };
		F91BC43915F8BEC000381DFF /* CoreGraphics.framework in Frameworks */ = {isa = PBXBuildFile; fileRef = F91BC43815F8BEC000381DFF /* CoreGraphics.framework */; };
		F91BC43F15F8BEC000381DFF /* InfoPlist.strings in Resources */ = {isa = PBXBuildFile; fileRef = F91BC43D15F8BEC000381DFF /* InfoPlist.strings */; };
		F91BC44115F8BEC000381DFF /* main.m in Sources */ = {isa = PBXBuildFile; fileRef = F91BC44015F8BEC000381DFF /* main.m */; };
		F91BC44515F8BEC000381DFF /* AppDelegate.m in Sources */ = {isa = PBXBuildFile; fileRef = F91BC44415F8BEC000381DFF /* AppDelegate.m */; };
		F91BC44B15F8BEC000381DFF /* StoryViewController.m in Sources */ = {isa = PBXBuildFile; fileRef = F91BC44A15F8BEC000381DFF /* StoryViewController.m */; };
		F91BC45315F8BEC000381DFF /* SenTestingKit.framework in Frameworks */ = {isa = PBXBuildFile; fileRef = F91BC45215F8BEC000381DFF /* SenTestingKit.framework */; };
		F91BC45415F8BEC000381DFF /* UIKit.framework in Frameworks */ = {isa = PBXBuildFile; fileRef = F91BC43415F8BEC000381DFF /* UIKit.framework */; };
		F91BC45515F8BEC000381DFF /* Foundation.framework in Frameworks */ = {isa = PBXBuildFile; fileRef = F91BC43615F8BEC000381DFF /* Foundation.framework */; };
		F91BC45D15F8BEC000381DFF /* InfoPlist.strings in Resources */ = {isa = PBXBuildFile; fileRef = F91BC45B15F8BEC000381DFF /* InfoPlist.strings */; };
		F91BC46015F8BEC000381DFF /* iStoryTests.m in Sources */ = {isa = PBXBuildFile; fileRef = F91BC45F15F8BEC000381DFF /* iStoryTests.m */; };
		F939E9E615FDF7470005D6B7 /* CoreLocation.framework in Frameworks */ = {isa = PBXBuildFile; fileRef = F939E9E515FDF7470005D6B7 /* CoreLocation.framework */; };
		F98FE00815F9EB880057B4F1 /* Link.m in Sources */ = {isa = PBXBuildFile; fileRef = F98FE00115F9EB880057B4F1 /* Link.m */; };
		F98FE00915F9EB880057B4F1 /* Node.m in Sources */ = {isa = PBXBuildFile; fileRef = F98FE00315F9EB880057B4F1 /* Node.m */; };
		F98FE00A15F9EB880057B4F1 /* Route.m in Sources */ = {isa = PBXBuildFile; fileRef = F98FE00515F9EB880057B4F1 /* Route.m */; };
		F98FE00B15F9EB880057B4F1 /* Story.m in Sources */ = {isa = PBXBuildFile; fileRef = F98FE00715F9EB880057B4F1 /* Story.m */; };
		F98FE01415F9F21C0057B4F1 /* XMLParser.m in Sources */ = {isa = PBXBuildFile; fileRef = F98FE01315F9F21C0057B4F1 /* XMLParser.m */; };
		F9DE431615F8BFFD007CEA71 /* MediaPlayer.framework in Frameworks */ = {isa = PBXBuildFile; fileRef = F9DE431515F8BFFD007CEA71 /* MediaPlayer.framework */; };
		F9DE431A15F8D2E8007CEA71 /* movie.mp4 in Resources */ = {isa = PBXBuildFile; fileRef = F9DE431915F8D2E8007CEA71 /* movie.mp4 */; };
		F9DE431D15F8D66F007CEA71 /* StartViewController.m in Sources */ = {isa = PBXBuildFile; fileRef = F9DE431C15F8D66F007CEA71 /* StartViewController.m */; };
		FF16D97D15FDF19000C11DCB /* testroute.xml in Resources */ = {isa = PBXBuildFile; fileRef = FF16D97C15FDF19000C11DCB /* testroute.xml */; };
		FFF0839216008CEE00FCFB1C /* MainStoryboard.storyboard in Resources */ = {isa = PBXBuildFile; fileRef = FFF0839016008CEE00FCFB1C /* MainStoryboard.storyboard */; };
/* End PBXBuildFile section */

/* Begin PBXContainerItemProxy section */
		F91BC45615F8BEC000381DFF /* PBXContainerItemProxy */ = {
			isa = PBXContainerItemProxy;
			containerPortal = F91BC42715F8BEC000381DFF /* Project object */;
			proxyType = 1;
			remoteGlobalIDString = F91BC42F15F8BEC000381DFF;
			remoteInfo = iStory;
		};
/* End PBXContainerItemProxy section */

/* Begin PBXFileReference section */
		F91BC43015F8BEC000381DFF /* iStory.app */ = {isa = PBXFileReference; explicitFileType = wrapper.application; includeInIndex = 0; path = iStory.app; sourceTree = BUILT_PRODUCTS_DIR; };
		F91BC43415F8BEC000381DFF /* UIKit.framework */ = {isa = PBXFileReference; lastKnownFileType = wrapper.framework; name = UIKit.framework; path = System/Library/Frameworks/UIKit.framework; sourceTree = SDKROOT; };
		F91BC43615F8BEC000381DFF /* Foundation.framework */ = {isa = PBXFileReference; lastKnownFileType = wrapper.framework; name = Foundation.framework; path = System/Library/Frameworks/Foundation.framework; sourceTree = SDKROOT; };
		F91BC43815F8BEC000381DFF /* CoreGraphics.framework */ = {isa = PBXFileReference; lastKnownFileType = wrapper.framework; name = CoreGraphics.framework; path = System/Library/Frameworks/CoreGraphics.framework; sourceTree = SDKROOT; };
		F91BC43C15F8BEC000381DFF /* iStory-Info.plist */ = {isa = PBXFileReference; lastKnownFileType = text.plist.xml; path = "iStory-Info.plist"; sourceTree = "<group>"; };
		F91BC43E15F8BEC000381DFF /* en */ = {isa = PBXFileReference; lastKnownFileType = text.plist.strings; name = en; path = en.lproj/InfoPlist.strings; sourceTree = "<group>"; };
		F91BC44015F8BEC000381DFF /* main.m */ = {isa = PBXFileReference; lastKnownFileType = sourcecode.c.objc; path = main.m; sourceTree = "<group>"; };
		F91BC44215F8BEC000381DFF /* iStory-Prefix.pch */ = {isa = PBXFileReference; lastKnownFileType = sourcecode.c.h; path = "iStory-Prefix.pch"; sourceTree = "<group>"; };
		F91BC44315F8BEC000381DFF /* AppDelegate.h */ = {isa = PBXFileReference; lastKnownFileType = sourcecode.c.h; path = AppDelegate.h; sourceTree = "<group>"; };
		F91BC44415F8BEC000381DFF /* AppDelegate.m */ = {isa = PBXFileReference; lastKnownFileType = sourcecode.c.objc; path = AppDelegate.m; sourceTree = "<group>"; };
		F91BC44915F8BEC000381DFF /* StoryViewController.h */ = {isa = PBXFileReference; lastKnownFileType = sourcecode.c.h; path = StoryViewController.h; sourceTree = "<group>"; };
		F91BC44A15F8BEC000381DFF /* StoryViewController.m */ = {isa = PBXFileReference; lastKnownFileType = sourcecode.c.objc; path = StoryViewController.m; sourceTree = "<group>"; };
		F91BC45115F8BEC000381DFF /* iStoryTests.octest */ = {isa = PBXFileReference; explicitFileType = wrapper.cfbundle; includeInIndex = 0; path = iStoryTests.octest; sourceTree = BUILT_PRODUCTS_DIR; };
		F91BC45215F8BEC000381DFF /* SenTestingKit.framework */ = {isa = PBXFileReference; lastKnownFileType = wrapper.framework; name = SenTestingKit.framework; path = Library/Frameworks/SenTestingKit.framework; sourceTree = DEVELOPER_DIR; };
		F91BC45A15F8BEC000381DFF /* iStoryTests-Info.plist */ = {isa = PBXFileReference; lastKnownFileType = text.plist.xml; path = "iStoryTests-Info.plist"; sourceTree = "<group>"; };
		F91BC45C15F8BEC000381DFF /* en */ = {isa = PBXFileReference; lastKnownFileType = text.plist.strings; name = en; path = en.lproj/InfoPlist.strings; sourceTree = "<group>"; };
		F91BC45E15F8BEC000381DFF /* iStoryTests.h */ = {isa = PBXFileReference; lastKnownFileType = sourcecode.c.h; path = iStoryTests.h; sourceTree = "<group>"; };
		F91BC45F15F8BEC000381DFF /* iStoryTests.m */ = {isa = PBXFileReference; lastKnownFileType = sourcecode.c.objc; path = iStoryTests.m; sourceTree = "<group>"; };
		F939E9E515FDF7470005D6B7 /* CoreLocation.framework */ = {isa = PBXFileReference; lastKnownFileType = wrapper.framework; name = CoreLocation.framework; path = System/Library/Frameworks/CoreLocation.framework; sourceTree = SDKROOT; };
		F98FE00015F9EB880057B4F1 /* Link.h */ = {isa = PBXFileReference; fileEncoding = 4; lastKnownFileType = sourcecode.c.h; path = Link.h; sourceTree = "<group>"; };
		F98FE00115F9EB880057B4F1 /* Link.m */ = {isa = PBXFileReference; fileEncoding = 4; lastKnownFileType = sourcecode.c.objc; path = Link.m; sourceTree = "<group>"; };
		F98FE00215F9EB880057B4F1 /* Node.h */ = {isa = PBXFileReference; fileEncoding = 4; lastKnownFileType = sourcecode.c.h; path = Node.h; sourceTree = "<group>"; };
		F98FE00315F9EB880057B4F1 /* Node.m */ = {isa = PBXFileReference; fileEncoding = 4; lastKnownFileType = sourcecode.c.objc; path = Node.m; sourceTree = "<group>"; };
		F98FE00415F9EB880057B4F1 /* Route.h */ = {isa = PBXFileReference; fileEncoding = 4; lastKnownFileType = sourcecode.c.h; path = Route.h; sourceTree = "<group>"; };
		F98FE00515F9EB880057B4F1 /* Route.m */ = {isa = PBXFileReference; fileEncoding = 4; lastKnownFileType = sourcecode.c.objc; path = Route.m; sourceTree = "<group>"; };
		F98FE00615F9EB880057B4F1 /* Story.h */ = {isa = PBXFileReference; fileEncoding = 4; lastKnownFileType = sourcecode.c.h; path = Story.h; sourceTree = "<group>"; };
		F98FE00715F9EB880057B4F1 /* Story.m */ = {isa = PBXFileReference; fileEncoding = 4; lastKnownFileType = sourcecode.c.objc; path = Story.m; sourceTree = "<group>"; };
		F98FE01215F9F21C0057B4F1 /* XMLParser.h */ = {isa = PBXFileReference; fileEncoding = 4; lastKnownFileType = sourcecode.c.h; path = XMLParser.h; sourceTree = "<group>"; };
		F98FE01315F9F21C0057B4F1 /* XMLParser.m */ = {isa = PBXFileReference; fileEncoding = 4; lastKnownFileType = sourcecode.c.objc; path = XMLParser.m; sourceTree = "<group>"; };
		F9DE431515F8BFFD007CEA71 /* MediaPlayer.framework */ = {isa = PBXFileReference; lastKnownFileType = wrapper.framework; name = MediaPlayer.framework; path = System/Library/Frameworks/MediaPlayer.framework; sourceTree = SDKROOT; };
		F9DE431915F8D2E8007CEA71 /* movie.mp4 */ = {isa = PBXFileReference; lastKnownFileType = file; path = movie.mp4; sourceTree = "<group>"; };
		F9DE431B15F8D66F007CEA71 /* StartViewController.h */ = {isa = PBXFileReference; fileEncoding = 4; lastKnownFileType = sourcecode.c.h; path = StartViewController.h; sourceTree = "<group>"; };
		F9DE431C15F8D66F007CEA71 /* StartViewController.m */ = {isa = PBXFileReference; fileEncoding = 4; lastKnownFileType = sourcecode.c.objc; path = StartViewController.m; sourceTree = "<group>"; };
		FF16D97C15FDF19000C11DCB /* testroute.xml */ = {isa = PBXFileReference; fileEncoding = 4; lastKnownFileType = text.xml; path = testroute.xml; sourceTree = "<group>"; };
		FFF0839116008CEE00FCFB1C /* en */ = {isa = PBXFileReference; lastKnownFileType = file.storyboard; name = en; path = "iStory/Supporting Files/en.lproj/MainStoryboard.storyboard"; sourceTree = SOURCE_ROOT; };
/* End PBXFileReference section */

/* Begin PBXFrameworksBuildPhase section */
		F91BC42D15F8BEC000381DFF /* Frameworks */ = {
			isa = PBXFrameworksBuildPhase;
			buildActionMask = 2147483647;
			files = (
				F939E9E615FDF7470005D6B7 /* CoreLocation.framework in Frameworks */,
				F9DE431615F8BFFD007CEA71 /* MediaPlayer.framework in Frameworks */,
				F91BC43515F8BEC000381DFF /* UIKit.framework in Frameworks */,
				F91BC43715F8BEC000381DFF /* Foundation.framework in Frameworks */,
				F91BC43915F8BEC000381DFF /* CoreGraphics.framework in Frameworks */,
			);
			runOnlyForDeploymentPostprocessing = 0;
		};
		F91BC44D15F8BEC000381DFF /* Frameworks */ = {
			isa = PBXFrameworksBuildPhase;
			buildActionMask = 2147483647;
			files = (
				F91BC45315F8BEC000381DFF /* SenTestingKit.framework in Frameworks */,
				F91BC45415F8BEC000381DFF /* UIKit.framework in Frameworks */,
				F91BC45515F8BEC000381DFF /* Foundation.framework in Frameworks */,
			);
			runOnlyForDeploymentPostprocessing = 0;
		};
/* End PBXFrameworksBuildPhase section */

/* Begin PBXGroup section */
		F91BC42515F8BEC000381DFF = {
			isa = PBXGroup;
			children = (
				F91BC43A15F8BEC000381DFF /* iStory */,
				F91BC45815F8BEC000381DFF /* iStoryTests */,
				F91BC43315F8BEC000381DFF /* Frameworks */,
				F91BC43115F8BEC000381DFF /* Products */,
			);
			sourceTree = "<group>";
		};
		F91BC43115F8BEC000381DFF /* Products */ = {
			isa = PBXGroup;
			children = (
				F91BC43015F8BEC000381DFF /* iStory.app */,
				F91BC45115F8BEC000381DFF /* iStoryTests.octest */,
			);
			name = Products;
			sourceTree = "<group>";
		};
		F91BC43315F8BEC000381DFF /* Frameworks */ = {
			isa = PBXGroup;
			children = (
				F939E9E515FDF7470005D6B7 /* CoreLocation.framework */,
				F9DE431515F8BFFD007CEA71 /* MediaPlayer.framework */,
				F91BC43415F8BEC000381DFF /* UIKit.framework */,
				F91BC43615F8BEC000381DFF /* Foundation.framework */,
				F91BC43815F8BEC000381DFF /* CoreGraphics.framework */,
				F91BC45215F8BEC000381DFF /* SenTestingKit.framework */,
			);
			name = Frameworks;
			sourceTree = "<group>";
		};
		F91BC43A15F8BEC000381DFF /* iStory */ = {
			isa = PBXGroup;
			children = (
				F98FE01115F9F1F00057B4F1 /* Library */,
				F91BC46B15F8BEEB00381DFF /* Controller */,
				F91BC46A15F8BEE600381DFF /* View */,
				F91BC46915F8BEDC00381DFF /* Model */,
				F91BC44315F8BEC000381DFF /* AppDelegate.h */,
				F91BC44415F8BEC000381DFF /* AppDelegate.m */,
				F91BC43B15F8BEC000381DFF /* Supporting Files */,
			);
			path = iStory;
			sourceTree = "<group>";
		};
		F91BC43B15F8BEC000381DFF /* Supporting Files */ = {
			isa = PBXGroup;
			children = (
				FF16D97C15FDF19000C11DCB /* testroute.xml */,
				F9DE431915F8D2E8007CEA71 /* movie.mp4 */,
				F91BC43C15F8BEC000381DFF /* iStory-Info.plist */,
				F91BC43D15F8BEC000381DFF /* InfoPlist.strings */,
				F91BC44015F8BEC000381DFF /* main.m */,
				F91BC44215F8BEC000381DFF /* iStory-Prefix.pch */,
			);
			path = "Supporting Files";
			sourceTree = "<group>";
		};
		F91BC45815F8BEC000381DFF /* iStoryTests */ = {
			isa = PBXGroup;
			children = (
				F91BC45E15F8BEC000381DFF /* iStoryTests.h */,
				F91BC45F15F8BEC000381DFF /* iStoryTests.m */,
				F91BC45915F8BEC000381DFF /* Supporting Files */,
			);
			path = iStoryTests;
			sourceTree = "<group>";
		};
		F91BC45915F8BEC000381DFF /* Supporting Files */ = {
			isa = PBXGroup;
			children = (
				F91BC45A15F8BEC000381DFF /* iStoryTests-Info.plist */,
				F91BC45B15F8BEC000381DFF /* InfoPlist.strings */,
			);
			name = "Supporting Files";
			sourceTree = "<group>";
		};
		F91BC46915F8BEDC00381DFF /* Model */ = {
			isa = PBXGroup;
			children = (
				F98FE00015F9EB880057B4F1 /* Link.h */,
				F98FE00115F9EB880057B4F1 /* Link.m */,
				F98FE00215F9EB880057B4F1 /* Node.h */,
				F98FE00315F9EB880057B4F1 /* Node.m */,
				F98FE00415F9EB880057B4F1 /* Route.h */,
				F98FE00515F9EB880057B4F1 /* Route.m */,
				F98FE00615F9EB880057B4F1 /* Story.h */,
				F98FE00715F9EB880057B4F1 /* Story.m */,
			);
			path = Model;
			sourceTree = "<group>";
		};
		F91BC46A15F8BEE600381DFF /* View */ = {
			isa = PBXGroup;
			children = (
				FFF0839016008CEE00FCFB1C /* MainStoryboard.storyboard */,
			);
			path = View;
			sourceTree = "<group>";
		};
		F91BC46B15F8BEEB00381DFF /* Controller */ = {
			isa = PBXGroup;
			children = (
				F9DE431B15F8D66F007CEA71 /* StartViewController.h */,
				F9DE431C15F8D66F007CEA71 /* StartViewController.m */,
				F91BC44915F8BEC000381DFF /* StoryViewController.h */,
				F91BC44A15F8BEC000381DFF /* StoryViewController.m */,
			);
			path = Controller;
			sourceTree = "<group>";
		};
		F98FE01115F9F1F00057B4F1 /* Library */ = {
			isa = PBXGroup;
			children = (
				F98FE01215F9F21C0057B4F1 /* XMLParser.h */,
				F98FE01315F9F21C0057B4F1 /* XMLParser.m */,
			);
			path = Library;
			sourceTree = "<group>";
		};
/* End PBXGroup section */

/* Begin PBXNativeTarget section */
		F91BC42F15F8BEC000381DFF /* iStory */ = {
			isa = PBXNativeTarget;
			buildConfigurationList = F91BC46315F8BEC000381DFF /* Build configuration list for PBXNativeTarget "iStory" */;
			buildPhases = (
				F91BC42C15F8BEC000381DFF /* Sources */,
				F91BC42D15F8BEC000381DFF /* Frameworks */,
				F91BC42E15F8BEC000381DFF /* Resources */,
			);
			buildRules = (
			);
			dependencies = (
			);
			name = iStory;
			productName = iStory;
			productReference = F91BC43015F8BEC000381DFF /* iStory.app */;
			productType = "com.apple.product-type.application";
		};
		F91BC45015F8BEC000381DFF /* iStoryTests */ = {
			isa = PBXNativeTarget;
			buildConfigurationList = F91BC46615F8BEC000381DFF /* Build configuration list for PBXNativeTarget "iStoryTests" */;
			buildPhases = (
				F91BC44C15F8BEC000381DFF /* Sources */,
				F91BC44D15F8BEC000381DFF /* Frameworks */,
				F91BC44E15F8BEC000381DFF /* Resources */,
				F91BC44F15F8BEC000381DFF /* ShellScript */,
			);
			buildRules = (
			);
			dependencies = (
				F91BC45715F8BEC000381DFF /* PBXTargetDependency */,
			);
			name = iStoryTests;
			productName = iStoryTests;
			productReference = F91BC45115F8BEC000381DFF /* iStoryTests.octest */;
			productType = "com.apple.product-type.bundle";
		};
/* End PBXNativeTarget section */

/* Begin PBXProject section */
		F91BC42715F8BEC000381DFF /* Project object */ = {
			isa = PBXProject;
			attributes = {
				LastUpgradeCheck = 0440;
				ORGANIZATIONNAME = HSS;
			};
			buildConfigurationList = F91BC42A15F8BEC000381DFF /* Build configuration list for PBXProject "iStory" */;
			compatibilityVersion = "Xcode 3.2";
			developmentRegion = English;
			hasScannedForEncodings = 0;
			knownRegions = (
				en,
			);
			mainGroup = F91BC42515F8BEC000381DFF;
			productRefGroup = F91BC43115F8BEC000381DFF /* Products */;
			projectDirPath = "";
			projectRoot = "";
			targets = (
				F91BC42F15F8BEC000381DFF /* iStory */,
				F91BC45015F8BEC000381DFF /* iStoryTests */,
			);
		};
/* End PBXProject section */

/* Begin PBXResourcesBuildPhase section */
		F91BC42E15F8BEC000381DFF /* Resources */ = {
			isa = PBXResourcesBuildPhase;
			buildActionMask = 2147483647;
			files = (
				F91BC43F15F8BEC000381DFF /* InfoPlist.strings in Resources */,
				F9DE431A15F8D2E8007CEA71 /* movie.mp4 in Resources */,
				FF16D97D15FDF19000C11DCB /* testroute.xml in Resources */,
				FFF0839216008CEE00FCFB1C /* MainStoryboard.storyboard in Resources */,
			);
			runOnlyForDeploymentPostprocessing = 0;
		};
		F91BC44E15F8BEC000381DFF /* Resources */ = {
			isa = PBXResourcesBuildPhase;
			buildActionMask = 2147483647;
			files = (
				F91BC45D15F8BEC000381DFF /* InfoPlist.strings in Resources */,
			);
			runOnlyForDeploymentPostprocessing = 0;
		};
/* End PBXResourcesBuildPhase section */

/* Begin PBXShellScriptBuildPhase section */
		F91BC44F15F8BEC000381DFF /* ShellScript */ = {
			isa = PBXShellScriptBuildPhase;
			buildActionMask = 2147483647;
			files = (
			);
			inputPaths = (
			);
			outputPaths = (
			);
			runOnlyForDeploymentPostprocessing = 0;
			shellPath = /bin/sh;
			shellScript = "# Run the unit tests in this test bundle.\n\"${SYSTEM_DEVELOPER_DIR}/Tools/RunUnitTests\"\n";
		};
/* End PBXShellScriptBuildPhase section */

/* Begin PBXSourcesBuildPhase section */
		F91BC42C15F8BEC000381DFF /* Sources */ = {
			isa = PBXSourcesBuildPhase;
			buildActionMask = 2147483647;
			files = (
				F91BC44115F8BEC000381DFF /* main.m in Sources */,
				F91BC44515F8BEC000381DFF /* AppDelegate.m in Sources */,
				F91BC44B15F8BEC000381DFF /* StoryViewController.m in Sources */,
				F9DE431D15F8D66F007CEA71 /* StartViewController.m in Sources */,
				F98FE00815F9EB880057B4F1 /* Link.m in Sources */,
				F98FE00915F9EB880057B4F1 /* Node.m in Sources */,
				F98FE00A15F9EB880057B4F1 /* Route.m in Sources */,
				F98FE00B15F9EB880057B4F1 /* Story.m in Sources */,
				F98FE01415F9F21C0057B4F1 /* XMLParser.m in Sources */,
			);
			runOnlyForDeploymentPostprocessing = 0;
		};
		F91BC44C15F8BEC000381DFF /* Sources */ = {
			isa = PBXSourcesBuildPhase;
			buildActionMask = 2147483647;
			files = (
				F91BC46015F8BEC000381DFF /* iStoryTests.m in Sources */,
			);
			runOnlyForDeploymentPostprocessing = 0;
		};
/* End PBXSourcesBuildPhase section */

/* Begin PBXTargetDependency section */
		F91BC45715F8BEC000381DFF /* PBXTargetDependency */ = {
			isa = PBXTargetDependency;
			target = F91BC42F15F8BEC000381DFF /* iStory */;
			targetProxy = F91BC45615F8BEC000381DFF /* PBXContainerItemProxy */;
		};
/* End PBXTargetDependency section */

/* Begin PBXVariantGroup section */
		F91BC43D15F8BEC000381DFF /* InfoPlist.strings */ = {
			isa = PBXVariantGroup;
			children = (
				F91BC43E15F8BEC000381DFF /* en */,
			);
			name = InfoPlist.strings;
			sourceTree = "<group>";
		};
		F91BC45B15F8BEC000381DFF /* InfoPlist.strings */ = {
			isa = PBXVariantGroup;
			children = (
				F91BC45C15F8BEC000381DFF /* en */,
			);
			name = InfoPlist.strings;
			sourceTree = "<group>";
		};
		FFF0839016008CEE00FCFB1C /* MainStoryboard.storyboard */ = {
			isa = PBXVariantGroup;
			children = (
				FFF0839116008CEE00FCFB1C /* en */,
			);
			name = MainStoryboard.storyboard;
			sourceTree = "<group>";
		};
/* End PBXVariantGroup section */

/* Begin XCBuildConfiguration section */
		F91BC46115F8BEC000381DFF /* Debug */ = {
			isa = XCBuildConfiguration;
			buildSettings = {
				ALWAYS_SEARCH_USER_PATHS = NO;
				ARCHS = "$(ARCHS_STANDARD_32_BIT)";
				CLANG_CXX_LANGUAGE_STANDARD = "gnu++0x";
				CLANG_ENABLE_OBJC_ARC = YES;
				CLANG_WARN__DUPLICATE_METHOD_MATCH = YES;
				"CODE_SIGN_IDENTITY[sdk=iphoneos*]" = "iPhone Developer";
				COPY_PHASE_STRIP = NO;
				GCC_C_LANGUAGE_STANDARD = gnu99;
				GCC_DYNAMIC_NO_PIC = NO;
				GCC_OPTIMIZATION_LEVEL = 0;
				GCC_PREPROCESSOR_DEFINITIONS = (
					"DEBUG=1",
					"$(inherited)",
				);
				GCC_SYMBOLS_PRIVATE_EXTERN = NO;
				GCC_VERSION = com.apple.compilers.llvm.clang.1_0;
				GCC_WARN_ABOUT_RETURN_TYPE = YES;
				GCC_WARN_UNINITIALIZED_AUTOS = YES;
				GCC_WARN_UNUSED_VARIABLE = YES;
				IPHONEOS_DEPLOYMENT_TARGET = 5.1;
				SDKROOT = iphoneos;
				TARGETED_DEVICE_FAMILY = 2;
			};
			name = Debug;
		};
		F91BC46215F8BEC000381DFF /* Release */ = {
			isa = XCBuildConfiguration;
			buildSettings = {
				ALWAYS_SEARCH_USER_PATHS = NO;
				ARCHS = "$(ARCHS_STANDARD_32_BIT)";
				CLANG_CXX_LANGUAGE_STANDARD = "gnu++0x";
				CLANG_ENABLE_OBJC_ARC = YES;
				CLANG_WARN__DUPLICATE_METHOD_MATCH = YES;
				"CODE_SIGN_IDENTITY[sdk=iphoneos*]" = "iPhone Developer";
				COPY_PHASE_STRIP = YES;
				GCC_C_LANGUAGE_STANDARD = gnu99;
				GCC_VERSION = com.apple.compilers.llvm.clang.1_0;
				GCC_WARN_ABOUT_RETURN_TYPE = YES;
				GCC_WARN_UNINITIALIZED_AUTOS = YES;
				GCC_WARN_UNUSED_VARIABLE = YES;
				IPHONEOS_DEPLOYMENT_TARGET = 5.1;
				OTHER_CFLAGS = "-DNS_BLOCK_ASSERTIONS=1";
				SDKROOT = iphoneos;
				TARGETED_DEVICE_FAMILY = 2;
				VALIDATE_PRODUCT = YES;
			};
			name = Release;
		};
		F91BC46415F8BEC000381DFF /* Debug */ = {
			isa = XCBuildConfiguration;
			buildSettings = {
				GCC_PRECOMPILE_PREFIX_HEADER = YES;
				GCC_PREFIX_HEADER = "iStory/Supporting Files/iStory-Prefix.pch";
				INFOPLIST_FILE = "$(SRCROOT)/iStory/Supporting Files/iStory-Info.plist";
				PRODUCT_NAME = "$(TARGET_NAME)";
				WRAPPER_EXTENSION = app;
			};
			name = Debug;
		};
		F91BC46515F8BEC000381DFF /* Release */ = {
			isa = XCBuildConfiguration;
			buildSettings = {
				GCC_PRECOMPILE_PREFIX_HEADER = YES;
				GCC_PREFIX_HEADER = "iStory/Supporting Files/iStory-Prefix.pch";
				INFOPLIST_FILE = "$(SRCROOT)/iStory/Supporting Files/iStory-Info.plist";
				PRODUCT_NAME = "$(TARGET_NAME)";
				WRAPPER_EXTENSION = app;
			};
			name = Release;
		};
		F91BC46715F8BEC000381DFF /* Debug */ = {
			isa = XCBuildConfiguration;
			buildSettings = {
				BUNDLE_LOADER = "$(BUILT_PRODUCTS_DIR)/iStory.app/iStory";
				FRAMEWORK_SEARCH_PATHS = (
					"\"$(SDKROOT)/Developer/Library/Frameworks\"",
					"\"$(DEVELOPER_LIBRARY_DIR)/Frameworks\"",
				);
				GCC_PRECOMPILE_PREFIX_HEADER = YES;
				GCC_PREFIX_HEADER = "iStory/iStory-Prefix.pch";
				INFOPLIST_FILE = "iStoryTests/iStoryTests-Info.plist";
				PRODUCT_NAME = "$(TARGET_NAME)";
				TEST_HOST = "$(BUNDLE_LOADER)";
				WRAPPER_EXTENSION = octest;
			};
			name = Debug;
		};
		F91BC46815F8BEC000381DFF /* Release */ = {
			isa = XCBuildConfiguration;
			buildSettings = {
				BUNDLE_LOADER = "$(BUILT_PRODUCTS_DIR)/iStory.app/iStory";
				FRAMEWORK_SEARCH_PATHS = (
					"\"$(SDKROOT)/Developer/Library/Frameworks\"",
					"\"$(DEVELOPER_LIBRARY_DIR)/Frameworks\"",
				);
				GCC_PRECOMPILE_PREFIX_HEADER = YES;
				GCC_PREFIX_HEADER = "iStory/iStory-Prefix.pch";
				INFOPLIST_FILE = "iStoryTests/iStoryTests-Info.plist";
				PRODUCT_NAME = "$(TARGET_NAME)";
				TEST_HOST = "$(BUNDLE_LOADER)";
				WRAPPER_EXTENSION = octest;
			};
			name = Release;
		};
/* End XCBuildConfiguration section */

/* Begin XCConfigurationList section */
		F91BC42A15F8BEC000381DFF /* Build configuration list for PBXProject "iStory" */ = {
			isa = XCConfigurationList;
			buildConfigurations = (
				F91BC46115F8BEC000381DFF /* Debug */,
				F91BC46215F8BEC000381DFF /* Release */,
			);
			defaultConfigurationIsVisible = 0;
			defaultConfigurationName = Release;
		};
		F91BC46315F8BEC000381DFF /* Build configuration list for PBXNativeTarget "iStory" */ = {
			isa = XCConfigurationList;
			buildConfigurations = (
				F91BC46415F8BEC000381DFF /* Debug */,
				F91BC46515F8BEC000381DFF /* Release */,
			);
			defaultConfigurationIsVisible = 0;
			defaultConfigurationName = Release;
		};
		F91BC46615F8BEC000381DFF /* Build configuration list for PBXNativeTarget "iStoryTests" */ = {
			isa = XCConfigurationList;
			buildConfigurations = (
				F91BC46715F8BEC000381DFF /* Debug */,
				F91BC46815F8BEC000381DFF /* Release */,
			);
			defaultConfigurationIsVisible = 0;
			defaultConfigurationName = Release;
		};
/* End XCConfigurationList section */
	};
	rootObject = F91BC42715F8BEC000381DFF /* Project object */;
}
